
Microsoft Visual Studio Solution File, Format Version 12.00
# Visual Studio Version 17
VisualStudioVersion = 17.9.34607.119
MinimumVisualStudioVersion = 10.0.40219.1
Project("{8BC9CEB8-8B4A-11D0-8D11-00A0C91BC942}") = "StreamReaderandWriter_0154", "StreamReaderandWriter_0154.vcxproj", "{CB5345DD-CE36-4556-9078-242F0C13C6A4}"
EndProject
Project("{8BC9CEB8-8B4A-11D0-8D11-00A0C91BC942}") = "ioFileWithPath", "ioFileWithPath\ioFileWithPath.vcxproj", "{74D85A1A-E6EC-43C2-8223-364307D21F9C}"
EndProject
Project("{8BC9CEB8-8B4A-11D0-8D11-00A0C91BC942}") = "ManualExeption", "ManualExeption\ManualExeption.vcxproj", "{CA84E214-2C33-46D3-898A-9C00009664D1}"
EndProject
Global
	GlobalSection(SolutionConfigurationPlatforms) = preSolution
		Debug|x64 = Debug|x64
		Debug|x86 = Debug|x86
		Release|x64 = Release|x64
		Release|x86 = Release|x86
	EndGlobalSection
	GlobalSection(ProjectConfigurationPlatforms) = postSolution
		{CB5345DD-CE36-4556-9078-242F0C13C6A4}.Debug|x64.ActiveCfg = Debug|x64
		{CB5345DD-CE36-4556-9078-242F0C13C6A4}.Debug|x64.Build.0 = Debug|x64
		{CB5345DD-CE36-4556-9078-242F0C13C6A4}.Debug|x86.ActiveCfg = Debug|Win32
		{CB5345DD-CE36-4556-9078-242F0C13C6A4}.Debug|x86.Build.0 = Debug|Win32
		{CB5345DD-CE36-4556-9078-242F0C13C6A4}.Release|x64.ActiveCfg = Release|x64
		{CB5345DD-CE36-4556-9078-242F0C13C6A4}.Release|x64.Build.0 = Release|x64
		{CB5345DD-CE36-4556-9078-242F0C13C6A4}.Release|x86.ActiveCfg = Release|Win32
		{CB5345DD-CE36-4556-9078-242F0C13C6A4}.Release|x86.Build.0 = Release|Win32
		{74D85A1A-E6EC-43C2-8223-364307D21F9C}.Debug|x64.ActiveCfg = Debug|x64
		{74D85A1A-E6EC-43C2-8223-364307D21F9C}.Debug|x64.Build.0 = Debug|x64
		{74D85A1A-E6EC-43C2-8223-364307D21F9C}.Debug|x86.ActiveCfg = Debug|Win32
		{74D85A1A-E6EC-43C2-8223-364307D21F9C}.Debug|x86.Build.0 = Debug|Win32
		{74D85A1A-E6EC-43C2-8223-364307D21F9C}.Release|x64.ActiveCfg = Release|x64
		{74D85A1A-E6EC-43C2-8223-364307D21F9C}.Release|x64.Build.0 = Release|x64
		{74D85A1A-E6EC-43C2-8223-364307D21F9C}.Release|x86.ActiveCfg = Release|Win32
		{74D85A1A-E6EC-43C2-8223-364307D21F9C}.Release|x86.Build.0 = Release|Win32
		{CA84E214-2C33-46D3-898A-9C00009664D1}.Debug|x64.ActiveCfg = Debug|x64
		{CA84E214-2C33-46D3-898A-9C00009664D1}.Debug|x64.Build.0 = Debug|x64
		{CA84E214-2C33-46D3-898A-9C00009664D1}.Debug|x86.ActiveCfg = Debug|Win32
		{CA84E214-2C33-46D3-898A-9C00009664D1}.Debug|x86.Build.0 = Debug|Win32
		{CA84E214-2C33-46D3-898A-9C00009664D1}.Release|x64.ActiveCfg = Release|x64
		{CA84E214-2C33-46D3-898A-9C00009664D1}.Release|x64.Build.0 = Release|x64
		{CA84E214-2C33-46D3-898A-9C00009664D1}.Release|x86.ActiveCfg = Release|Win32
		{CA84E214-2C33-46D3-898A-9C00009664D1}.Release|x86.Build.0 = Release|Win32
	EndGlobalSection
	GlobalSection(SolutionProperties) = preSolution
		HideSolutionNode = FALSE
	EndGlobalSection
	GlobalSection(ExtensibilityGlobals) = postSolution
		SolutionGuid = {8CBA0347-281B-44FA-A7B7-AD5ED3DB1CEE}
	EndGlobalSection
EndGlobal
